{
  "name": "emote-controlled",
  "version": "1.0.0",
  "lockfileVersion": 2,
  "requires": true,
  "packages": {
    "": {
      "name": "emote-controlled",
      "version": "1.0.0",
      "license": "ISC",
      "dependencies": {
        "papaparse": "^5.3.2",
        "regex-translator": "file:../regex-translator"
      }
    },
    "../regex-translator": {
      "version": "0.2.8",
      "license": "MIT",
      "dependencies": {
        "ansi-regex": "^6.0.1",
        "application-log-winston-interface": "^2.0.6",
        "clipboardy": "^2.3.0",
        "command-line-args": "^5.2.1",
        "command-line-usage": "^6.1.1",
        "env-paths": "^2.2.0",
        "get-stream": "^6.0.1",
        "make-dir": "^3.1.0"
      },
      "bin": {
        "regex-translator": "source/main.js"
      },
      "devDependencies": {
        "ava": "^3.15.0",
        "coveralls": "^3.1.1",
        "eslint": "^8.9.0",
        "extract-documentation-comments": "^0.3.12",
        "hjson": "^3.2.2",
        "npm-check-updates": "^12.4.0",
        "nyc": "^15.1.0",
        "standard-version": "^9.3.2"
      },
      "engines": {
        "node": ">=12"
      }
    },
    "node_modules/papaparse": {
      "version": "5.3.2",
      "resolved": "https://registry.npmjs.org/papaparse/-/papaparse-5.3.2.tgz",
      "integrity": "sha512-6dNZu0Ki+gyV0eBsFKJhYr+MdQYAzFUGlBMNj3GNrmHxmz1lfRa24CjFObPXtjcetlOv5Ad299MhIK0znp3afw=="
    },
    "node_modules/regex-translator": {
      "resolved": "../regex-translator",
      "link": true
    }
  },
  "dependencies": {
    "papaparse": {
      "version": "5.3.2",
      "resolved": "https://registry.npmjs.org/papaparse/-/papaparse-5.3.2.tgz",
      "integrity": "sha512-6dNZu0Ki+gyV0eBsFKJhYr+MdQYAzFUGlBMNj3GNrmHxmz1lfRa24CjFObPXtjcetlOv5Ad299MhIK0znp3afw=="
    },
    "regex-translator": {
      "version": "file:../regex-translator",
      "requires": {
        "ansi-regex": "^6.0.1",
        "application-log-winston-interface": "^2.0.6",
        "ava": "^3.15.0",
        "clipboardy": "^2.3.0",
        "command-line-args": "^5.2.1",
        "command-line-usage": "^6.1.1",
        "coveralls": "^3.1.1",
        "env-paths": "^2.2.0",
        "eslint": "^8.9.0",
        "extract-documentation-comments": "^0.3.12",
        "get-stream": "^6.0.1",
        "hjson": "^3.2.2",
        "make-dir": "^3.1.0",
        "npm-check-updates": "^12.4.0",
        "nyc": "^15.1.0",
        "standard-version": "^9.3.2"
      }
    }
  }
}
